
Microsoft Visual Studio Solution File, Format Version 12.00
# Visual Studio 15
VisualStudioVersion = 15.0.28307.329
MinimumVisualStudioVersion = 10.0.40219.1
Project("{FAE04EC0-301F-11D3-BF4B-00C04F79EFBC}") = "DailyPictureCopy", "DailyPictureCopy\DailyPictureCopy.csproj", "{E88BC7C8-F21D-4AF2-931E-B794AC2561F0}"
EndProject
Global
	GlobalSection(SolutionConfigurationPlatforms) = preSolution
		Debug|Any CPU = Debug|Any CPU
		Release|Any CPU = Release|Any CPU
	EndGlobalSection
	GlobalSection(ProjectConfigurationPlatforms) = postSolution
		{E88BC7C8-F21D-4AF2-931E-B794AC2561F0}.Debug|Any CPU.ActiveCfg = Debug|Any CPU
		{E88BC7C8-F21D-4AF2-931E-B794AC2561F0}.Debug|Any CPU.Build.0 = Debug|Any CPU
		{E88BC7C8-F21D-4AF2-931E-B794AC2561F0}.Release|Any CPU.ActiveCfg = Release|Any CPU
		{E88BC7C8-F21D-4AF2-931E-B794AC2561F0}.Release|Any CPU.Build.0 = Release|Any CPU
	EndGlobalSection
	GlobalSection(SolutionProperties) = preSolution
		HideSolutionNode = FALSE
	EndGlobalSection
	GlobalSection(ExtensibilityGlobals) = postSolution
		SolutionGuid = {48C75BCD-CE8C-4546-8062-80D8A9C94082}
	EndGlobalSection
EndGlobal
